
Microsoft Visual Studio Solution File, Format Version 12.00
# Visual Studio 15
VisualStudioVersion = 15.0.28307.271
MinimumVisualStudioVersion = 10.0.40219.1
Project("{FAE04EC0-301F-11D3-BF4B-00C04F79EFBC}") = "Question4", "Question4\Question4.csproj", "{EB381B72-CB5A-4814-A3EC-7783E2876736}"
EndProject
Global
	GlobalSection(SolutionConfigurationPlatforms) = preSolution
		Debug|Any CPU = Debug|Any CPU
		Release|Any CPU = Release|Any CPU
	EndGlobalSection
	GlobalSection(ProjectConfigurationPlatforms) = postSolution
		{EB381B72-CB5A-4814-A3EC-7783E2876736}.Debug|Any CPU.ActiveCfg = Debug|Any CPU
		{EB381B72-CB5A-4814-A3EC-7783E2876736}.Debug|Any CPU.Build.0 = Debug|Any CPU
		{EB381B72-CB5A-4814-A3EC-7783E2876736}.Release|Any CPU.ActiveCfg = Release|Any CPU
		{EB381B72-CB5A-4814-A3EC-7783E2876736}.Release|Any CPU.Build.0 = Release|Any CPU
	EndGlobalSection
	GlobalSection(SolutionProperties) = preSolution
		HideSolutionNode = FALSE
	EndGlobalSection
	GlobalSection(ExtensibilityGlobals) = postSolution
		SolutionGuid = {589F884E-612D-41A0-A3F1-33530C6E8511}
	EndGlobalSection
EndGlobal
